
Microsoft Visual Studio Solution File, Format Version 12.00
# Visual Studio Version 17
VisualStudioVersion = 17.14.36203.30 d17.14
MinimumVisualStudioVersion = 10.0.40219.1
Project("{888888A0-9F3D-457C-B088-3A5042F75D52}") = "hmm", "hmm\hmm.pyproj", "{A03FCEE2-1835-4502-85D2-F5D4C199F89B}"
EndProject
Global
	GlobalSection(SolutionConfigurationPlatforms) = preSolution
		Debug|Any CPU = Debug|Any CPU
		Release|Any CPU = Release|Any CPU
	EndGlobalSection
	GlobalSection(ProjectConfigurationPlatforms) = postSolution
		{A03FCEE2-1835-4502-85D2-F5D4C199F89B}.Debug|Any CPU.ActiveCfg = Debug|Any CPU
		{A03FCEE2-1835-4502-85D2-F5D4C199F89B}.Release|Any CPU.ActiveCfg = Release|Any CPU
	EndGlobalSection
	GlobalSection(SolutionProperties) = preSolution
		HideSolutionNode = FALSE
	EndGlobalSection
	GlobalSection(ExtensibilityGlobals) = postSolution
		SolutionGuid = {88E05080-95DC-4647-8D4A-7CB2929942EF}
	EndGlobalSection
EndGlobal
