
Microsoft Visual Studio Solution File, Format Version 12.00
# Visual Studio Version 17
VisualStudioVersion = 17.14.36203.30 d17.14
MinimumVisualStudioVersion = 10.0.40219.1
Project("{888888A0-9F3D-457C-B088-3A5042F75D52}") = "inventory_manager", "inventory_manager\inventory_manager.pyproj", "{D9548C22-A2D9-47C8-A4A5-AC4D0044D6EC}"
EndProject
Global
	GlobalSection(SolutionConfigurationPlatforms) = preSolution
		Debug|Any CPU = Debug|Any CPU
		Release|Any CPU = Release|Any CPU
	EndGlobalSection
	GlobalSection(ProjectConfigurationPlatforms) = postSolution
		{D9548C22-A2D9-47C8-A4A5-AC4D0044D6EC}.Debug|Any CPU.ActiveCfg = Debug|Any CPU
		{D9548C22-A2D9-47C8-A4A5-AC4D0044D6EC}.Release|Any CPU.ActiveCfg = Release|Any CPU
	EndGlobalSection
	GlobalSection(SolutionProperties) = preSolution
		HideSolutionNode = FALSE
	EndGlobalSection
	GlobalSection(ExtensibilityGlobals) = postSolution
		SolutionGuid = {3A89E53D-FC84-48ED-B472-0DBB7226D721}
	EndGlobalSection
EndGlobal
