
Microsoft Visual Studio Solution File, Format Version 12.00
# Visual Studio Version 17
VisualStudioVersion = 17.14.36203.30 d17.14
MinimumVisualStudioVersion = 10.0.40219.1
Project("{888888A0-9F3D-457C-B088-3A5042F75D52}") = "pyfest", "pyfest\pyfest.pyproj", "{D8BEF15C-07BB-45A5-889F-53FEFBB5A423}"
EndProject
Global
	GlobalSection(SolutionConfigurationPlatforms) = preSolution
		Debug|Any CPU = Debug|Any CPU
		Release|Any CPU = Release|Any CPU
	EndGlobalSection
	GlobalSection(ProjectConfigurationPlatforms) = postSolution
		{D8BEF15C-07BB-45A5-889F-53FEFBB5A423}.Debug|Any CPU.ActiveCfg = Debug|Any CPU
		{D8BEF15C-07BB-45A5-889F-53FEFBB5A423}.Release|Any CPU.ActiveCfg = Release|Any CPU
	EndGlobalSection
	GlobalSection(SolutionProperties) = preSolution
		HideSolutionNode = FALSE
	EndGlobalSection
	GlobalSection(ExtensibilityGlobals) = postSolution
		SolutionGuid = {2BD5206D-81A0-4FE6-9E53-143312F1F0AB}
	EndGlobalSection
EndGlobal
